<Solution>
  <Folder Name="/src/">
    <Project Path="src/AgentDashboard.TicketTracking.Application/AgentDashboard.TicketTracking.Application.csproj" />
    <Project Path="src/AgentDashboard.TicketTracking.Domain/AgentDashboard.TicketTracking.Domain.csproj" />
    <Project Path="src/AgentDashboard.TicketTracking.Infrastructure/AgentDashboard.TicketTracking.Infrastructure.csproj" />
    <Project Path="src/AgentDashboard.Web/AgentDashboard.Web.csproj" />
  </Folder>
  <Folder Name="/tests/">
    <Project Path="tests/AgentDashboard.TicketTracking.Application.UnitTests/AgentDashboard.TicketTracking.Application.UnitTests.csproj" />
    <Project Path="tests/AgentDashboard.TicketTracking.Domain.UnitTests/AgentDashboard.TicketTracking.Domain.UnitTests.csproj" />
    <Project Path="tests/AgentDashboard.TicketTracking.Infrastructure.IntegrationTests/AgentDashboard.TicketTracking.Infrastructure.IntegrationTests.csproj" />
    <Project Path="tests/AgentDashboard.TicketTracking.Infrastructure.UnitTests/AgentDashboard.TicketTracking.Infrastructure.UnitTests.csproj" />
    <Project Path="tests/AgentDashboard.TicketTracking.TestShared/AgentDashboard.TicketTracking.TestShared.csproj" />
    <Project Path="tests/AgentDashboard.Web.Tests/AgentDashboard.Web.Tests.csproj" />
  </Folder>
</Solution>
